
Microsoft Visual Studio Solution File, Format Version 12.00
# Visual Studio 15
VisualStudioVersion = 15.0.26228.9
MinimumVisualStudioVersion = 10.0.40219.1
Project("{FAE04EC0-301F-11D3-BF4B-00C04F79EFBC}") = "RedisDemo", "RedisDemo\RedisDemo.csproj", "{3F575CA9-B07D-4B79-9A1A-7350155B3BFD}"
EndProject
Project("{FAE04EC0-301F-11D3-BF4B-00C04F79EFBC}") = "RedisDemoWeb", "RedisDemoWeb\RedisDemoWeb.csproj", "{44CD395C-5C90-4960-9545-BDDEF72EFE5E}"
EndProject
Global
	GlobalSection(SolutionConfigurationPlatforms) = preSolution
		Debug|Any CPU = Debug|Any CPU
		Release|Any CPU = Release|Any CPU
	EndGlobalSection
	GlobalSection(ProjectConfigurationPlatforms) = postSolution
		{3F575CA9-B07D-4B79-9A1A-7350155B3BFD}.Debug|Any CPU.ActiveCfg = Debug|Any CPU
		{3F575CA9-B07D-4B79-9A1A-7350155B3BFD}.Debug|Any CPU.Build.0 = Debug|Any CPU
		{3F575CA9-B07D-4B79-9A1A-7350155B3BFD}.Release|Any CPU.ActiveCfg = Release|Any CPU
		{3F575CA9-B07D-4B79-9A1A-7350155B3BFD}.Release|Any CPU.Build.0 = Release|Any CPU
		{44CD395C-5C90-4960-9545-BDDEF72EFE5E}.Debug|Any CPU.ActiveCfg = Debug|Any CPU
		{44CD395C-5C90-4960-9545-BDDEF72EFE5E}.Debug|Any CPU.Build.0 = Debug|Any CPU
		{44CD395C-5C90-4960-9545-BDDEF72EFE5E}.Release|Any CPU.ActiveCfg = Release|Any CPU
		{44CD395C-5C90-4960-9545-BDDEF72EFE5E}.Release|Any CPU.Build.0 = Release|Any CPU
	EndGlobalSection
	GlobalSection(SolutionProperties) = preSolution
		HideSolutionNode = FALSE
	EndGlobalSection
EndGlobal
